// !$*UTF8*$!
{
	archiveVersion = 1;
	classes = {
	};
	objectVersion = 48;
	objects = {

/* Begin PBXBuildFile section */
		5931BBC84E43AB1A6679F48E /* Pods_Flamingo.framework in Frameworks */ = {isa = PBXBuildFile; fileRef = F712ADE14BD2FC3D1FD71B60 /* Pods_Flamingo.framework */; };
		FA27A419202B247D00E28CB6 /* UIViewController+Safari.swift in Sources */ = {isa = PBXBuildFile; fileRef = FA27A418202B247D00E28CB6 /* UIViewController+Safari.swift */; };
		FA2F884F202B641A00603EAF /* Localizable.strings in Resources */ = {isa = PBXBuildFile; fileRef = FA2F8851202B641A00603EAF /* Localizable.strings */; };
		FA2F8853202B677200603EAF /* UIKit+Extensions.swift in Sources */ = {isa = PBXBuildFile; fileRef = FA2F8852202B677200603EAF /* UIKit+Extensions.swift */; };
		FA50E797200670D2008C28C1 /* AppDelegate.swift in Sources */ = {isa = PBXBuildFile; fileRef = FA50E796200670D2008C28C1 /* AppDelegate.swift */; };
		FA50E79C200670D2008C28C1 /* Main.storyboard in Resources */ = {isa = PBXBuildFile; fileRef = FA50E79A200670D2008C28C1 /* Main.storyboard */; };
		FA50E79E200670D2008C28C1 /* Assets.xcassets in Resources */ = {isa = PBXBuildFile; fileRef = FA50E79D200670D2008C28C1 /* Assets.xcassets */; };
		FA50E7A1200670D2008C28C1 /* LaunchScreen.storyboard in Resources */ = {isa = PBXBuildFile; fileRef = FA50E79F200670D2008C28C1 /* LaunchScreen.storyboard */; };
		FA50E7B520067A24008C28C1 /* R.generated.swift in Sources */ = {isa = PBXBuildFile; fileRef = FA50E7B420067A24008C28C1 /* R.generated.swift */; };
		FA50E7BD20067ABB008C28C1 /* ArticleDefaultCell.swift in Sources */ = {isa = PBXBuildFile; fileRef = FA50E7BC20067ABB008C28C1 /* ArticleDefaultCell.swift */; };
		FAA4E4262007829E00D2D88C /* ArticlesListVC.swift in Sources */ = {isa = PBXBuildFile; fileRef = FA50E798200670D2008C28C1 /* ArticlesListVC.swift */; };
		FAB10E1420213F0C00F60594 /* Preview.swift in Sources */ = {isa = PBXBuildFile; fileRef = FAB10E1320213F0C00F60594 /* Preview.swift */; };
		FAB10E1720213F3700F60594 /* MercuryAPI.swift in Sources */ = {isa = PBXBuildFile; fileRef = FAB10E1620213F3700F60594 /* MercuryAPI.swift */; };
		FAB10E1B20214C2600F60594 /* Response+ModelMapper.swift in Sources */ = {isa = PBXBuildFile; fileRef = FAB10E1A20214C2600F60594 /* Response+ModelMapper.swift */; };
		FAB838E3202893E500DBFEF7 /* ArticleCommentsVC.swift in Sources */ = {isa = PBXBuildFile; fileRef = FAB838E2202893E500DBFEF7 /* ArticleCommentsVC.swift */; };
		FAB838E5202899AF00DBFEF7 /* CommentCell.swift in Sources */ = {isa = PBXBuildFile; fileRef = FAB838E4202899AF00DBFEF7 /* CommentCell.swift */; };
		FAB838E72028B6EC00DBFEF7 /* icomoon.ttf in Resources */ = {isa = PBXBuildFile; fileRef = FAB838E62028B6EC00DBFEF7 /* icomoon.ttf */; };
		FAB838E92028B70700DBFEF7 /* FontIcon.swift in Sources */ = {isa = PBXBuildFile; fileRef = FAB838E82028B70700DBFEF7 /* FontIcon.swift */; };
		FAB838EB2028CFF500DBFEF7 /* Constants.swift in Sources */ = {isa = PBXBuildFile; fileRef = FAB838EA2028CFF500DBFEF7 /* Constants.swift */; };
		FAB838ED2028D26C00DBFEF7 /* FlamingoPost.swift in Sources */ = {isa = PBXBuildFile; fileRef = FAB838EC2028D26C00DBFEF7 /* FlamingoPost.swift */; };
		FAB838EF2028D52B00DBFEF7 /* FlamingoNVC.swift in Sources */ = {isa = PBXBuildFile; fileRef = FAB838EE2028D52B00DBFEF7 /* FlamingoNVC.swift */; };
		FACE2FEA2020C0E4003BBAD0 /* Foundation+Extensions.swift in Sources */ = {isa = PBXBuildFile; fileRef = FACE2FE92020C0E4003BBAD0 /* Foundation+Extensions.swift */; };
		FAEED4B4203AE85E00E0DCA0 /* FluidController.swift in Sources */ = {isa = PBXBuildFile; fileRef = FAEED4B3203AE85E00E0DCA0 /* FluidController.swift */; };
/* End PBXBuildFile section */

/* Begin PBXFileReference section */
		0B6AB411FA31206017046495 /* Pods-Flamingo.release.xcconfig */ = {isa = PBXFileReference; includeInIndex = 1; lastKnownFileType = text.xcconfig; name = "Pods-Flamingo.release.xcconfig"; path = "Pods/Target Support Files/Pods-Flamingo/Pods-Flamingo.release.xcconfig"; sourceTree = "<group>"; };
		12136E14E258A814338A7863 /* Pods_TheNews.framework */ = {isa = PBXFileReference; explicitFileType = wrapper.framework; includeInIndex = 0; path = Pods_TheNews.framework; sourceTree = BUILT_PRODUCTS_DIR; };
		23502EE81E317663CC7E0C61 /* Pods-Flamingo.debug.xcconfig */ = {isa = PBXFileReference; includeInIndex = 1; lastKnownFileType = text.xcconfig; name = "Pods-Flamingo.debug.xcconfig"; path = "Pods/Target Support Files/Pods-Flamingo/Pods-Flamingo.debug.xcconfig"; sourceTree = "<group>"; };
		F712ADE14BD2FC3D1FD71B60 /* Pods_Flamingo.framework */ = {isa = PBXFileReference; explicitFileType = wrapper.framework; includeInIndex = 0; path = Pods_Flamingo.framework; sourceTree = BUILT_PRODUCTS_DIR; };
		FA27A418202B247D00E28CB6 /* UIViewController+Safari.swift */ = {isa = PBXFileReference; lastKnownFileType = sourcecode.swift; path = "UIViewController+Safari.swift"; sourceTree = "<group>"; };
		FA2F8850202B641A00603EAF /* en */ = {isa = PBXFileReference; lastKnownFileType = text.plist.strings; name = en; path = en.lproj/Localizable.strings; sourceTree = "<group>"; };
		FA2F8852202B677200603EAF /* UIKit+Extensions.swift */ = {isa = PBXFileReference; lastKnownFileType = sourcecode.swift; path = "UIKit+Extensions.swift"; sourceTree = "<group>"; };
		FA50E793200670D2008C28C1 /* Flamingo.app */ = {isa = PBXFileReference; explicitFileType = wrapper.application; includeInIndex = 0; path = Flamingo.app; sourceTree = BUILT_PRODUCTS_DIR; };
		FA50E796200670D2008C28C1 /* AppDelegate.swift */ = {isa = PBXFileReference; lastKnownFileType = sourcecode.swift; path = AppDelegate.swift; sourceTree = "<group>"; };
		FA50E798200670D2008C28C1 /* ArticlesListVC.swift */ = {isa = PBXFileReference; lastKnownFileType = sourcecode.swift; path = ArticlesListVC.swift; sourceTree = "<group>"; };
		FA50E79B200670D2008C28C1 /* Base */ = {isa = PBXFileReference; lastKnownFileType = file.storyboard; name = Base; path = Base.lproj/Main.storyboard; sourceTree = "<group>"; };
		FA50E79D200670D2008C28C1 /* Assets.xcassets */ = {isa = PBXFileReference; lastKnownFileType = folder.assetcatalog; path = Assets.xcassets; sourceTree = "<group>"; };
		FA50E7A0200670D2008C28C1 /* Base */ = {isa = PBXFileReference; lastKnownFileType = file.storyboard; name = Base; path = Base.lproj/LaunchScreen.storyboard; sourceTree = "<group>"; };
		FA50E7A2200670D2008C28C1 /* Info.plist */ = {isa = PBXFileReference; lastKnownFileType = text.plist.xml; path = Info.plist; sourceTree = "<group>"; };
		FA50E7B420067A24008C28C1 /* R.generated.swift */ = {isa = PBXFileReference; fileEncoding = 4; lastKnownFileType = sourcecode.swift; path = R.generated.swift; sourceTree = "<group>"; };
		FA50E7BC20067ABB008C28C1 /* ArticleDefaultCell.swift */ = {isa = PBXFileReference; lastKnownFileType = sourcecode.swift; path = ArticleDefaultCell.swift; sourceTree = "<group>"; };
		FAB10E1320213F0C00F60594 /* Preview.swift */ = {isa = PBXFileReference; lastKnownFileType = sourcecode.swift; path = Preview.swift; sourceTree = "<group>"; };
		FAB10E1620213F3700F60594 /* MercuryAPI.swift */ = {isa = PBXFileReference; lastKnownFileType = sourcecode.swift; path = MercuryAPI.swift; sourceTree = "<group>"; };
		FAB10E1A20214C2600F60594 /* Response+ModelMapper.swift */ = {isa = PBXFileReference; lastKnownFileType = sourcecode.swift; path = "Response+ModelMapper.swift"; sourceTree = "<group>"; };
		FAB838E2202893E500DBFEF7 /* ArticleCommentsVC.swift */ = {isa = PBXFileReference; lastKnownFileType = sourcecode.swift; path = ArticleCommentsVC.swift; sourceTree = "<group>"; };
		FAB838E4202899AF00DBFEF7 /* CommentCell.swift */ = {isa = PBXFileReference; lastKnownFileType = sourcecode.swift; path = CommentCell.swift; sourceTree = "<group>"; };
		FAB838E62028B6EC00DBFEF7 /* icomoon.ttf */ = {isa = PBXFileReference; lastKnownFileType = file; path = icomoon.ttf; sourceTree = "<group>"; };
		FAB838E82028B70700DBFEF7 /* FontIcon.swift */ = {isa = PBXFileReference; fileEncoding = 4; lastKnownFileType = sourcecode.swift; path = FontIcon.swift; sourceTree = "<group>"; };
		FAB838EA2028CFF500DBFEF7 /* Constants.swift */ = {isa = PBXFileReference; lastKnownFileType = sourcecode.swift; path = Constants.swift; sourceTree = "<group>"; };
		FAB838EC2028D26C00DBFEF7 /* FlamingoPost.swift */ = {isa = PBXFileReference; lastKnownFileType = sourcecode.swift; path = FlamingoPost.swift; sourceTree = "<group>"; };
		FAB838EE2028D52B00DBFEF7 /* FlamingoNVC.swift */ = {isa = PBXFileReference; lastKnownFileType = sourcecode.swift; path = FlamingoNVC.swift; sourceTree = "<group>"; };
		FACE2FE92020C0E4003BBAD0 /* Foundation+Extensions.swift */ = {isa = PBXFileReference; lastKnownFileType = sourcecode.swift; path = "Foundation+Extensions.swift"; sourceTree = "<group>"; };
		FAEED4B3203AE85E00E0DCA0 /* FluidController.swift */ = {isa = PBXFileReference; lastKnownFileType = sourcecode.swift; path = FluidController.swift; sourceTree = "<group>"; };
/* End PBXFileReference section */

/* Begin PBXFrameworksBuildPhase section */
		FA50E790200670D2008C28C1 /* Frameworks */ = {
			isa = PBXFrameworksBuildPhase;
			buildActionMask = 2147483647;
			files = (
				5931BBC84E43AB1A6679F48E /* Pods_Flamingo.framework in Frameworks */,
			);
			runOnlyForDeploymentPostprocessing = 0;
		};
/* End PBXFrameworksBuildPhase section */

/* Begin PBXGroup section */
		F3F6561BE116E95216A0BBF9 /* Frameworks */ = {
			isa = PBXGroup;
			children = (
				12136E14E258A814338A7863 /* Pods_TheNews.framework */,
				F712ADE14BD2FC3D1FD71B60 /* Pods_Flamingo.framework */,
			);
			name = Frameworks;
			sourceTree = "<group>";
		};
		F60C5E35E03ACE807840F665 /* Pods */ = {
			isa = PBXGroup;
			children = (
				23502EE81E317663CC7E0C61 /* Pods-Flamingo.debug.xcconfig */,
				0B6AB411FA31206017046495 /* Pods-Flamingo.release.xcconfig */,
			);
			name = Pods;
			sourceTree = "<group>";
		};
		FA0C8FE32024A77400818EB4 /* API */ = {
			isa = PBXGroup;
			children = (
				FAB10E1620213F3700F60594 /* MercuryAPI.swift */,
			);
			path = API;
			sourceTree = "<group>";
		};
		FA2F8854202B679900603EAF /* Extensions */ = {
			isa = PBXGroup;
			children = (
				FACE2FE92020C0E4003BBAD0 /* Foundation+Extensions.swift */,
				FA2F8852202B677200603EAF /* UIKit+Extensions.swift */,
				FAB10E1A20214C2600F60594 /* Response+ModelMapper.swift */,
				FA27A418202B247D00E28CB6 /* UIViewController+Safari.swift */,
			);
			path = Extensions;
			sourceTree = "<group>";
		};
		FA50E78A200670D2008C28C1 = {
			isa = PBXGroup;
			children = (
				FA50E795200670D2008C28C1 /* Flamingo */,
				FA50E794200670D2008C28C1 /* Products */,
				F60C5E35E03ACE807840F665 /* Pods */,
				F3F6561BE116E95216A0BBF9 /* Frameworks */,
			);
			sourceTree = "<group>";
		};
		FA50E794200670D2008C28C1 /* Products */ = {
			isa = PBXGroup;
			children = (
				FA50E793200670D2008C28C1 /* Flamingo.app */,
			);
			name = Products;
			sourceTree = "<group>";
		};
		FA50E795200670D2008C28C1 /* Flamingo */ = {
			isa = PBXGroup;
			children = (
				FA50E7B420067A24008C28C1 /* R.generated.swift */,
				FA50E7AE200677EE008C28C1 /* Classes */,
				FA50E7AC200677D2008C28C1 /* Resources */,
			);
			path = Flamingo;
			sourceTree = "<group>";
		};
		FA50E7A8200677AA008C28C1 /* Controllers */ = {
			isa = PBXGroup;
			children = (
				FAB838EE2028D52B00DBFEF7 /* FlamingoNVC.swift */,
				FA50E798200670D2008C28C1 /* ArticlesListVC.swift */,
				FAB838E2202893E500DBFEF7 /* ArticleCommentsVC.swift */,
			);
			path = Controllers;
			sourceTree = "<group>";
		};
		FA50E7AA200677B5008C28C1 /* Helpers */ = {
			isa = PBXGroup;
			children = (
				FAB838E82028B70700DBFEF7 /* FontIcon.swift */,
				FA2F8854202B679900603EAF /* Extensions */,
			);
			path = Helpers;
			sourceTree = "<group>";
		};
		FA50E7AC200677D2008C28C1 /* Resources */ = {
			isa = PBXGroup;
			children = (
				FA50E7B620067A3E008C28C1 /* Storyboards */,
				FA2F8851202B641A00603EAF /* Localizable.strings */,
				FAB838E62028B6EC00DBFEF7 /* icomoon.ttf */,
				FA50E79D200670D2008C28C1 /* Assets.xcassets */,
				FA50E7A2200670D2008C28C1 /* Info.plist */,
			);
			path = Resources;
			sourceTree = "<group>";
		};
		FA50E7AE200677EE008C28C1 /* Classes */ = {
			isa = PBXGroup;
			children = (
				FA50E796200670D2008C28C1 /* AppDelegate.swift */,
				FAB838EA2028CFF500DBFEF7 /* Constants.swift */,
				FA0C8FE32024A77400818EB4 /* API */,
				FAB10E1520213F1500F60594 /* Models */,
				FA50E7A8200677AA008C28C1 /* Controllers */,
				FA50E7B720067A5F008C28C1 /* Views */,
				FA50E7AA200677B5008C28C1 /* Helpers */,
			);
			path = Classes;
			sourceTree = "<group>";
		};
		FA50E7B620067A3E008C28C1 /* Storyboards */ = {
			isa = PBXGroup;
			children = (
				FA50E79A200670D2008C28C1 /* Main.storyboard */,
				FA50E79F200670D2008C28C1 /* LaunchScreen.storyboard */,
			);
			path = Storyboards;
			sourceTree = "<group>";
		};
		FA50E7B720067A5F008C28C1 /* Views */ = {
			isa = PBXGroup;
			children = (
				FAEED4B3203AE85E00E0DCA0 /* FluidController.swift */,
				FA50E7BC20067ABB008C28C1 /* ArticleDefaultCell.swift */,
				FAB838E4202899AF00DBFEF7 /* CommentCell.swift */,
			);
			path = Views;
			sourceTree = "<group>";
		};
		FAB10E1520213F1500F60594 /* Models */ = {
			isa = PBXGroup;
			children = (
				FAB10E1320213F0C00F60594 /* Preview.swift */,
				FAB838EC2028D26C00DBFEF7 /* FlamingoPost.swift */,
			);
			path = Models;
			sourceTree = "<group>";
		};
/* End PBXGroup section */

/* Begin PBXNativeTarget section */
		FA50E792200670D2008C28C1 /* Flamingo */ = {
			isa = PBXNativeTarget;
			buildConfigurationList = FA50E7A5200670D2008C28C1 /* Build configuration list for PBXNativeTarget "Flamingo" */;
			buildPhases = (
				68FC8ED18123703FF3B0B2E3 /* [CP] Check Pods Manifest.lock */,
				FA50E7B3200679AA008C28C1 /* RSwift */,
				FA50E78F200670D2008C28C1 /* Sources */,
				FA50E790200670D2008C28C1 /* Frameworks */,
				FA50E791200670D2008C28C1 /* Resources */,
				A76ABC43DF2A666E58352928 /* [CP] Embed Pods Frameworks */,
			);
			buildRules = (
			);
			dependencies = (
			);
			name = Flamingo;
			productName = TheNews;
			productReference = FA50E793200670D2008C28C1 /* Flamingo.app */;
			productType = "com.apple.product-type.application";
		};
/* End PBXNativeTarget section */

/* Begin PBXProject section */
		FA50E78B200670D2008C28C1 /* Project object */ = {
			isa = PBXProject;
			attributes = {
				LastSwiftUpdateCheck = 0920;
				LastUpgradeCheck = 0920;
				ORGANIZATIONNAME = alexiscreuzot;
				TargetAttributes = {
					FA50E792200670D2008C28C1 = {
						CreatedOnToolsVersion = 9.2;
						ProvisioningStyle = Manual;
					};
				};
			};
			buildConfigurationList = FA50E78E200670D2008C28C1 /* Build configuration list for PBXProject "Flamingo" */;
			compatibilityVersion = "Xcode 8.0";
			developmentRegion = en;
			hasScannedForEncodings = 0;
			knownRegions = (
				en,
				Base,
			);
			mainGroup = FA50E78A200670D2008C28C1;
			productRefGroup = FA50E794200670D2008C28C1 /* Products */;
			projectDirPath = "";
			projectRoot = "";
			targets = (
				FA50E792200670D2008C28C1 /* Flamingo */,
			);
		};
/* End PBXProject section */

/* Begin PBXResourcesBuildPhase section */
		FA50E791200670D2008C28C1 /* Resources */ = {
			isa = PBXResourcesBuildPhase;
			buildActionMask = 2147483647;
			files = (
				FA2F884F202B641A00603EAF /* Localizable.strings in Resources */,
				FA50E7A1200670D2008C28C1 /* LaunchScreen.storyboard in Resources */,
				FA50E79E200670D2008C28C1 /* Assets.xcassets in Resources */,
				FA50E79C200670D2008C28C1 /* Main.storyboard in Resources */,
				FAB838E72028B6EC00DBFEF7 /* icomoon.ttf in Resources */,
			);
			runOnlyForDeploymentPostprocessing = 0;
		};
/* End PBXResourcesBuildPhase section */

/* Begin PBXShellScriptBuildPhase section */
		68FC8ED18123703FF3B0B2E3 /* [CP] Check Pods Manifest.lock */ = {
			isa = PBXShellScriptBuildPhase;
			buildActionMask = 2147483647;
			files = (
			);
			inputPaths = (
				"${PODS_PODFILE_DIR_PATH}/Podfile.lock",
				"${PODS_ROOT}/Manifest.lock",
			);
			name = "[CP] Check Pods Manifest.lock";
			outputPaths = (
				"$(DERIVED_FILE_DIR)/Pods-Flamingo-checkManifestLockResult.txt",
			);
			runOnlyForDeploymentPostprocessing = 0;
			shellPath = /bin/sh;
			shellScript = "diff \"${PODS_PODFILE_DIR_PATH}/Podfile.lock\" \"${PODS_ROOT}/Manifest.lock\" > /dev/null\nif [ $? != 0 ] ; then\n    # print error to STDERR\n    echo \"error: The sandbox is not in sync with the Podfile.lock. Run 'pod install' or update your CocoaPods installation.\" >&2\n    exit 1\nfi\n# This output is used by Xcode 'outputs' to avoid re-running this script phase.\necho \"SUCCESS\" > \"${SCRIPT_OUTPUT_FILE_0}\"\n";
			showEnvVarsInLog = 0;
		};
		A76ABC43DF2A666E58352928 /* [CP] Embed Pods Frameworks */ = {
			isa = PBXShellScriptBuildPhase;
			buildActionMask = 2147483647;
			files = (
			);
			inputPaths = (
				"${SRCROOT}/Pods/Target Support Files/Pods-Flamingo/Pods-Flamingo-frameworks.sh",
				"${BUILT_PRODUCTS_DIR}/Alamofire/Alamofire.framework",
				"${BUILT_PRODUCTS_DIR}/Attributed/Attributed.framework",
				"${BUILT_PRODUCTS_DIR}/HNScraper/HNScraper.framework",
				"${BUILT_PRODUCTS_DIR}/HTMLString/HTMLString.framework",
				"${BUILT_PRODUCTS_DIR}/ModelMapper/Mapper.framework",
				"${BUILT_PRODUCTS_DIR}/Moya/Moya.framework",
				"${BUILT_PRODUCTS_DIR}/R.swift.Library/Rswift.framework",
				"${BUILT_PRODUCTS_DIR}/Result/Result.framework",
				"${BUILT_PRODUCTS_DIR}/SDWebImage/SDWebImage.framework",
				"${BUILT_PRODUCTS_DIR}/TTTAttributedLabel/TTTAttributedLabel.framework",
			);
			name = "[CP] Embed Pods Frameworks";
			outputPaths = (
				"${TARGET_BUILD_DIR}/${FRAMEWORKS_FOLDER_PATH}/Alamofire.framework",
				"${TARGET_BUILD_DIR}/${FRAMEWORKS_FOLDER_PATH}/Attributed.framework",
				"${TARGET_BUILD_DIR}/${FRAMEWORKS_FOLDER_PATH}/HNScraper.framework",
				"${TARGET_BUILD_DIR}/${FRAMEWORKS_FOLDER_PATH}/HTMLString.framework",
				"${TARGET_BUILD_DIR}/${FRAMEWORKS_FOLDER_PATH}/Mapper.framework",
				"${TARGET_BUILD_DIR}/${FRAMEWORKS_FOLDER_PATH}/Moya.framework",
				"${TARGET_BUILD_DIR}/${FRAMEWORKS_FOLDER_PATH}/Rswift.framework",
				"${TARGET_BUILD_DIR}/${FRAMEWORKS_FOLDER_PATH}/Result.framework",
				"${TARGET_BUILD_DIR}/${FRAMEWORKS_FOLDER_PATH}/SDWebImage.framework",
				"${TARGET_BUILD_DIR}/${FRAMEWORKS_FOLDER_PATH}/TTTAttributedLabel.framework",
			);
			runOnlyForDeploymentPostprocessing = 0;
			shellPath = /bin/sh;
			shellScript = "\"${SRCROOT}/Pods/Target Support Files/Pods-Flamingo/Pods-Flamingo-frameworks.sh\"\n";
			showEnvVarsInLog = 0;
		};
		FA50E7B3200679AA008C28C1 /* RSwift */ = {
			isa = PBXShellScriptBuildPhase;
			buildActionMask = 2147483647;
			files = (
			);
			inputPaths = (
			);
			name = RSwift;
			outputPaths = (
			);
			runOnlyForDeploymentPostprocessing = 0;
			shellPath = /bin/sh;
			shellScript = "\"$PODS_ROOT/R.swift/rswift\" generate \"$SRCROOT/Flamingo\"";
		};
/* End PBXShellScriptBuildPhase section */

/* Begin PBXSourcesBuildPhase section */
		FA50E78F200670D2008C28C1 /* Sources */ = {
			isa = PBXSourcesBuildPhase;
			buildActionMask = 2147483647;
			files = (
				FA50E7BD20067ABB008C28C1 /* ArticleDefaultCell.swift in Sources */,
				FAB838E92028B70700DBFEF7 /* FontIcon.swift in Sources */,
				FA2F8853202B677200603EAF /* UIKit+Extensions.swift in Sources */,
				FACE2FEA2020C0E4003BBAD0 /* Foundation+Extensions.swift in Sources */,
				FA27A419202B247D00E28CB6 /* UIViewController+Safari.swift in Sources */,
				FA50E7B520067A24008C28C1 /* R.generated.swift in Sources */,
				FAEED4B4203AE85E00E0DCA0 /* FluidController.swift in Sources */,
				FAB838EF2028D52B00DBFEF7 /* FlamingoNVC.swift in Sources */,
				FA50E797200670D2008C28C1 /* AppDelegate.swift in Sources */,
				FAB10E1720213F3700F60594 /* MercuryAPI.swift in Sources */,
				FAB838E5202899AF00DBFEF7 /* CommentCell.swift in Sources */,
				FAB10E1420213F0C00F60594 /* Preview.swift in Sources */,
				FAB838ED2028D26C00DBFEF7 /* FlamingoPost.swift in Sources */,
				FAB838E3202893E500DBFEF7 /* ArticleCommentsVC.swift in Sources */,
				FAB10E1B20214C2600F60594 /* Response+ModelMapper.swift in Sources */,
				FAA4E4262007829E00D2D88C /* ArticlesListVC.swift in Sources */,
				FAB838EB2028CFF500DBFEF7 /* Constants.swift in Sources */,
			);
			runOnlyForDeploymentPostprocessing = 0;
		};
/* End PBXSourcesBuildPhase section */

/* Begin PBXVariantGroup section */
		FA2F8851202B641A00603EAF /* Localizable.strings */ = {
			isa = PBXVariantGroup;
			children = (
				FA2F8850202B641A00603EAF /* en */,
			);
			name = Localizable.strings;
			sourceTree = "<group>";
		};
		FA50E79A200670D2008C28C1 /* Main.storyboard */ = {
			isa = PBXVariantGroup;
			children = (
				FA50E79B200670D2008C28C1 /* Base */,
			);
			name = Main.storyboard;
			sourceTree = "<group>";
		};
		FA50E79F200670D2008C28C1 /* LaunchScreen.storyboard */ = {
			isa = PBXVariantGroup;
			children = (
				FA50E7A0200670D2008C28C1 /* Base */,
			);
			name = LaunchScreen.storyboard;
			sourceTree = "<group>";
		};
/* End PBXVariantGroup section */

/* Begin XCBuildConfiguration section */
		FA50E7A3200670D2008C28C1 /* Debug */ = {
			isa = XCBuildConfiguration;
			buildSettings = {
				ALWAYS_SEARCH_USER_PATHS = NO;
				CLANG_ANALYZER_NONNULL = YES;
				CLANG_ANALYZER_NUMBER_OBJECT_CONVERSION = YES_AGGRESSIVE;
				CLANG_CXX_LANGUAGE_STANDARD = "gnu++14";
				CLANG_CXX_LIBRARY = "libc++";
				CLANG_ENABLE_MODULES = YES;
				CLANG_ENABLE_OBJC_ARC = YES;
				CLANG_WARN_BLOCK_CAPTURE_AUTORELEASING = YES;
				CLANG_WARN_BOOL_CONVERSION = YES;
				CLANG_WARN_COMMA = YES;
				CLANG_WARN_CONSTANT_CONVERSION = YES;
				CLANG_WARN_DIRECT_OBJC_ISA_USAGE = YES_ERROR;
				CLANG_WARN_DOCUMENTATION_COMMENTS = YES;
				CLANG_WARN_EMPTY_BODY = YES;
				CLANG_WARN_ENUM_CONVERSION = YES;
				CLANG_WARN_INFINITE_RECURSION = YES;
				CLANG_WARN_INT_CONVERSION = YES;
				CLANG_WARN_NON_LITERAL_NULL_CONVERSION = YES;
				CLANG_WARN_OBJC_LITERAL_CONVERSION = YES;
				CLANG_WARN_OBJC_ROOT_CLASS = YES_ERROR;
				CLANG_WARN_RANGE_LOOP_ANALYSIS = YES;
				CLANG_WARN_STRICT_PROTOTYPES = YES;
				CLANG_WARN_SUSPICIOUS_MOVE = YES;
				CLANG_WARN_UNGUARDED_AVAILABILITY = YES_AGGRESSIVE;
				CLANG_WARN_UNREACHABLE_CODE = YES;
				CLANG_WARN__DUPLICATE_METHOD_MATCH = YES;
				CODE_SIGN_IDENTITY = "iPhone Developer";
				COPY_PHASE_STRIP = NO;
				DEBUG_INFORMATION_FORMAT = dwarf;
				ENABLE_STRICT_OBJC_MSGSEND = YES;
				ENABLE_TESTABILITY = YES;
				GCC_C_LANGUAGE_STANDARD = gnu11;
				GCC_DYNAMIC_NO_PIC = NO;
				GCC_NO_COMMON_BLOCKS = YES;
				GCC_OPTIMIZATION_LEVEL = 0;
				GCC_PREPROCESSOR_DEFINITIONS = (
					"DEBUG=1",
					"$(inherited)",
				);
				GCC_WARN_64_TO_32_BIT_CONVERSION = YES;
				GCC_WARN_ABOUT_RETURN_TYPE = YES_ERROR;
				GCC_WARN_UNDECLARED_SELECTOR = YES;
				GCC_WARN_UNINITIALIZED_AUTOS = YES_AGGRESSIVE;
				GCC_WARN_UNUSED_FUNCTION = YES;
				GCC_WARN_UNUSED_VARIABLE = YES;
				IPHONEOS_DEPLOYMENT_TARGET = 11.2;
				MTL_ENABLE_DEBUG_INFO = YES;
				ONLY_ACTIVE_ARCH = YES;
				SDKROOT = iphoneos;
				SWIFT_ACTIVE_COMPILATION_CONDITIONS = DEBUG;
				SWIFT_OPTIMIZATION_LEVEL = "-Onone";
			};
			name = Debug;
		};
		FA50E7A4200670D2008C28C1 /* Release */ = {
			isa = XCBuildConfiguration;
			buildSettings = {
				ALWAYS_SEARCH_USER_PATHS = NO;
				CLANG_ANALYZER_NONNULL = YES;
				CLANG_ANALYZER_NUMBER_OBJECT_CONVERSION = YES_AGGRESSIVE;
				CLANG_CXX_LANGUAGE_STANDARD = "gnu++14";
				CLANG_CXX_LIBRARY = "libc++";
				CLANG_ENABLE_MODULES = YES;
				CLANG_ENABLE_OBJC_ARC = YES;
				CLANG_WARN_BLOCK_CAPTURE_AUTORELEASING = YES;
				CLANG_WARN_BOOL_CONVERSION = YES;
				CLANG_WARN_COMMA = YES;
				CLANG_WARN_CONSTANT_CONVERSION = YES;
				CLANG_WARN_DIRECT_OBJC_ISA_USAGE = YES_ERROR;
				CLANG_WARN_DOCUMENTATION_COMMENTS = YES;
				CLANG_WARN_EMPTY_BODY = YES;
				CLANG_WARN_ENUM_CONVERSION = YES;
				CLANG_WARN_INFINITE_RECURSION = YES;
				CLANG_WARN_INT_CONVERSION = YES;
				CLANG_WARN_NON_LITERAL_NULL_CONVERSION = YES;
				CLANG_WARN_OBJC_LITERAL_CONVERSION = YES;
				CLANG_WARN_OBJC_ROOT_CLASS = YES_ERROR;
				CLANG_WARN_RANGE_LOOP_ANALYSIS = YES;
				CLANG_WARN_STRICT_PROTOTYPES = YES;
				CLANG_WARN_SUSPICIOUS_MOVE = YES;
				CLANG_WARN_UNGUARDED_AVAILABILITY = YES_AGGRESSIVE;
				CLANG_WARN_UNREACHABLE_CODE = YES;
				CLANG_WARN__DUPLICATE_METHOD_MATCH = YES;
				CODE_SIGN_IDENTITY = "iPhone Developer";
				COPY_PHASE_STRIP = NO;
				DEBUG_INFORMATION_FORMAT = "dwarf-with-dsym";
				ENABLE_NS_ASSERTIONS = NO;
				ENABLE_STRICT_OBJC_MSGSEND = YES;
				GCC_C_LANGUAGE_STANDARD = gnu11;
				GCC_NO_COMMON_BLOCKS = YES;
				GCC_WARN_64_TO_32_BIT_CONVERSION = YES;
				GCC_WARN_ABOUT_RETURN_TYPE = YES_ERROR;
				GCC_WARN_UNDECLARED_SELECTOR = YES;
				GCC_WARN_UNINITIALIZED_AUTOS = YES_AGGRESSIVE;
				GCC_WARN_UNUSED_FUNCTION = YES;
				GCC_WARN_UNUSED_VARIABLE = YES;
				IPHONEOS_DEPLOYMENT_TARGET = 11.2;
				MTL_ENABLE_DEBUG_INFO = NO;
				SDKROOT = iphoneos;
				SWIFT_OPTIMIZATION_LEVEL = "-Owholemodule";
				VALIDATE_PRODUCT = YES;
			};
			name = Release;
		};
		FA50E7A6200670D2008C28C1 /* Debug */ = {
			isa = XCBuildConfiguration;
			baseConfigurationReference = 23502EE81E317663CC7E0C61 /* Pods-Flamingo.debug.xcconfig */;
			buildSettings = {
				ASSETCATALOG_COMPILER_APPICON_NAME = AppIcon;
				"CODE_SIGN_IDENTITY[sdk=iphoneos*]" = "iPhone Developer";
				CODE_SIGN_STYLE = Manual;
				DEVELOPMENT_TEAM = ZAMD7Q9KYY;
				INFOPLIST_FILE = "$(SRCROOT)/Flamingo/Resources/Info.plist";
				LD_RUNPATH_SEARCH_PATHS = "$(inherited) @executable_path/Frameworks";
				PRODUCT_BUNDLE_IDENTIFIER = com.alexiscreuzot.flamingo;
				PRODUCT_NAME = "$(TARGET_NAME)";
				PROVISIONING_PROFILE = "fa8bb872-15e9-403a-b9d1-a090ef4569af";
				PROVISIONING_PROFILE_SPECIFIER = "Flamingo Dev";
				SWIFT_VERSION = 4.0;
				TARGETED_DEVICE_FAMILY = 1;
			};
			name = Debug;
		};
		FA50E7A7200670D2008C28C1 /* Release */ = {
			isa = XCBuildConfiguration;
			baseConfigurationReference = 0B6AB411FA31206017046495 /* Pods-Flamingo.release.xcconfig */;
			buildSettings = {
				ASSETCATALOG_COMPILER_APPICON_NAME = AppIcon;
				"CODE_SIGN_IDENTITY[sdk=iphoneos*]" = "iPhone Distribution";
				CODE_SIGN_STYLE = Manual;
				DEVELOPMENT_TEAM = ZAMD7Q9KYY;
				INFOPLIST_FILE = "$(SRCROOT)/Flamingo/Resources/Info.plist";
				LD_RUNPATH_SEARCH_PATHS = "$(inherited) @executable_path/Frameworks";
				PRODUCT_BUNDLE_IDENTIFIER = com.alexiscreuzot.flamingo;
				PRODUCT_NAME = "$(TARGET_NAME)";
				PROVISIONING_PROFILE = "d298adc0-c7ce-4dbe-b054-37afa650c9fd";
				PROVISIONING_PROFILE_SPECIFIER = "Flamingo AppStore";
				SWIFT_VERSION = 4.0;
				TARGETED_DEVICE_FAMILY = 1;
			};
			name = Release;
		};
/* End XCBuildConfiguration section */

/* Begin XCConfigurationList section */
		FA50E78E200670D2008C28C1 /* Build configuration list for PBXProject "Flamingo" */ = {
			isa = XCConfigurationList;
			buildConfigurations = (
				FA50E7A3200670D2008C28C1 /* Debug */,
				FA50E7A4200670D2008C28C1 /* Release */,
			);
			defaultConfigurationIsVisible = 0;
			defaultConfigurationName = Release;
		};
		FA50E7A5200670D2008C28C1 /* Build configuration list for PBXNativeTarget "Flamingo" */ = {
			isa = XCConfigurationList;
			buildConfigurations = (
				FA50E7A6200670D2008C28C1 /* Debug */,
				FA50E7A7200670D2008C28C1 /* Release */,
			);
			defaultConfigurationIsVisible = 0;
			defaultConfigurationName = Release;
		};
/* End XCConfigurationList section */
	};
	rootObject = FA50E78B200670D2008C28C1 /* Project object */;
}
