// !$*UTF8*$!
{
	archiveVersion = 1;
	classes = {
	};
	objectVersion = 54;
	objects = {

/* Begin PBXBuildFile section */
		6EC9E6FD2F183BF6001B3CB2 /* ReadabilityParser.swift in Sources */ = {isa = PBXBuildFile; fileRef = 6EC9E6EC2F183BF6001B3CB2 /* ReadabilityParser.swift */; };
		6EC9E6FE2F183BF6001B3CB2 /* HNClient.swift in Sources */ = {isa = PBXBuildFile; fileRef = 6EC9E6EA2F183BF6001B3CB2 /* HNClient.swift */; };
		6EC9E6FF2F183BF6001B3CB2 /* AppDelegate.swift in Sources */ = {isa = PBXBuildFile; fileRef = 6EC9E6FB2F183BF6001B3CB2 /* AppDelegate.swift */; };
		6EC9E7002F183BF6001B3CB2 /* CommentCell.swift in Sources */ = {isa = PBXBuildFile; fileRef = 6EC9E6F82F183BF6001B3CB2 /* CommentCell.swift */; };
		6EC9E7012F183BF6001B3CB2 /* ArticleCommentsVC.swift in Sources */ = {isa = PBXBuildFile; fileRef = 6EC9E6D52F183BF6001B3CB2 /* ArticleCommentsVC.swift */; };
		6EC9E7022F183BF6001B3CB2 /* MaterialIcon.swift in Sources */ = {isa = PBXBuildFile; fileRef = 6EC9E6DA2F183BF6001B3CB2 /* MaterialIcon.swift */; };
		6EC9E7032F183BF6001B3CB2 /* FlamingoPost.swift in Sources */ = {isa = PBXBuildFile; fileRef = 6EC9E6E72F183BF6001B3CB2 /* FlamingoPost.swift */; };
		6EC9E7042F183BF6001B3CB2 /* UIKit+Extensions.swift in Sources */ = {isa = PBXBuildFile; fileRef = 6EC9E6E02F183BF6001B3CB2 /* UIKit+Extensions.swift */; };
		6EC9E7052F183BF6001B3CB2 /* SourceStore.swift in Sources */ = {isa = PBXBuildFile; fileRef = 6EC9E6EE2F183BF6001B3CB2 /* SourceStore.swift */; };
		6EC9E7062F183BF6001B3CB2 /* Resources.swift in Sources */ = {isa = PBXBuildFile; fileRef = 6EC9E6DB2F183BF6001B3CB2 /* Resources.swift */; };
		6EC9E7072F183BF6001B3CB2 /* ThemeService.swift in Sources */ = {isa = PBXBuildFile; fileRef = 6EC9E6F02F183BF6001B3CB2 /* ThemeService.swift */; };
		6EC9E7082F183BF6001B3CB2 /* CoreVC.swift in Sources */ = {isa = PBXBuildFile; fileRef = 6EC9E6D22F183BF6001B3CB2 /* CoreVC.swift */; };
		6EC9E7092F183BF6001B3CB2 /* TitleSeparatorCell.swift in Sources */ = {isa = PBXBuildFile; fileRef = 6EC9E6F52F183BF6001B3CB2 /* TitleSeparatorCell.swift */; };
		6EC9E70A2F183BF6001B3CB2 /* SwitchTableCell.swift in Sources */ = {isa = PBXBuildFile; fileRef = 6EC9E6F42F183BF6001B3CB2 /* SwitchTableCell.swift */; };
		6EC9E70B2F183BF6001B3CB2 /* ImageLoader.swift in Sources */ = {isa = PBXBuildFile; fileRef = 6EC9E6EB2F183BF6001B3CB2 /* ImageLoader.swift */; };
		6EC9E70C2F183BF6001B3CB2 /* ArticleDefaultCell.swift in Sources */ = {isa = PBXBuildFile; fileRef = 6EC9E6F72F183BF6001B3CB2 /* ArticleDefaultCell.swift */; };
		6EC9E70D2F183BF6001B3CB2 /* LinkLabel.swift in Sources */ = {isa = PBXBuildFile; fileRef = 6EC9E6F92F183BF6001B3CB2 /* LinkLabel.swift */; };
		6EC9E70E2F183BF6001B3CB2 /* Error+Flamingo.swift in Sources */ = {isa = PBXBuildFile; fileRef = 6EC9E6DD2F183BF6001B3CB2 /* Error+Flamingo.swift */; };
		6EC9E70F2F183BF6001B3CB2 /* SettingsVC.swift in Sources */ = {isa = PBXBuildFile; fileRef = 6EC9E6D72F183BF6001B3CB2 /* SettingsVC.swift */; };
		6EC9E7102F183BF6001B3CB2 /* AttributedMarkup.swift in Sources */ = {isa = PBXBuildFile; fileRef = 6EC9E6E32F183BF6001B3CB2 /* AttributedMarkup.swift */; };
		6EC9E7112F183BF6001B3CB2 /* FontIcon.swift in Sources */ = {isa = PBXBuildFile; fileRef = 6EC9E6E42F183BF6001B3CB2 /* FontIcon.swift */; };
		6EC9E7122F183BF6001B3CB2 /* Foundation+Extensions.swift in Sources */ = {isa = PBXBuildFile; fileRef = 6EC9E6DE2F183BF6001B3CB2 /* Foundation+Extensions.swift */; };
		6EC9E7132F183BF6001B3CB2 /* MainTabController.swift in Sources */ = {isa = PBXBuildFile; fileRef = 6EC9E6D32F183BF6001B3CB2 /* MainTabController.swift */; };
		6EC9E7142F183BF6001B3CB2 /* PropertyWrappers.swift in Sources */ = {isa = PBXBuildFile; fileRef = 6EC9E6E52F183BF6001B3CB2 /* PropertyWrappers.swift */; };
		6EC9E7152F183BF6001B3CB2 /* CustomPreferences.swift in Sources */ = {isa = PBXBuildFile; fileRef = 6EC9E6D92F183BF6001B3CB2 /* CustomPreferences.swift */; };
		6EC9E7162F183BF6001B3CB2 /* UIViewController+Safari.swift in Sources */ = {isa = PBXBuildFile; fileRef = 6EC9E6E12F183BF6001B3CB2 /* UIViewController+Safari.swift */; };
		6EC9E7172F183BF6001B3CB2 /* SimpleTableCell.swift in Sources */ = {isa = PBXBuildFile; fileRef = 6EC9E6F32F183BF6001B3CB2 /* SimpleTableCell.swift */; };
		6EC9E7182F183BF6001B3CB2 /* PrototypeTableCell.swift in Sources */ = {isa = PBXBuildFile; fileRef = 6EC9E6F22F183BF6001B3CB2 /* PrototypeTableCell.swift */; };
		6EC9E7192F183BF6001B3CB2 /* ArticlesListVC.swift in Sources */ = {isa = PBXBuildFile; fileRef = 6EC9E6D62F183BF6001B3CB2 /* ArticlesListVC.swift */; };
		6EC9E71A2F183BF6001B3CB2 /* String+HTML.swift in Sources */ = {isa = PBXBuildFile; fileRef = 6EC9E6DF2F183BF6001B3CB2 /* String+HTML.swift */; };
		6EC9E71B2F183BF6001B3CB2 /* Preview.swift in Sources */ = {isa = PBXBuildFile; fileRef = 6EC9E6E82F183BF6001B3CB2 /* Preview.swift */; };
		6EC9E71D2F183C50001B3CB2 /* SceneDelegate.swift in Sources */ = {isa = PBXBuildFile; fileRef = 6EC9E71C2F183C50001B3CB2 /* SceneDelegate.swift */; };
		FA055AC620C97F85007FB8D3 /* SettingsVC.storyboard in Resources */ = {isa = PBXBuildFile; fileRef = FA055AC520C97F85007FB8D3 /* SettingsVC.storyboard */; };
		FA2F884F202B641A00603EAF /* Localizable.strings in Resources */ = {isa = PBXBuildFile; fileRef = FA2F8851202B641A00603EAF /* Localizable.strings */; };
		FA50E79C200670D2008C28C1 /* Main.storyboard in Resources */ = {isa = PBXBuildFile; fileRef = FA50E79A200670D2008C28C1 /* Main.storyboard */; };
		FA50E79E200670D2008C28C1 /* Assets.xcassets in Resources */ = {isa = PBXBuildFile; fileRef = FA50E79D200670D2008C28C1 /* Assets.xcassets */; };
		FA50E7A1200670D2008C28C1 /* LaunchScreen.storyboard in Resources */ = {isa = PBXBuildFile; fileRef = FA50E79F200670D2008C28C1 /* LaunchScreen.storyboard */; };
		FA775F5C247D58BD00407E55 /* flamingoUITests.swift in Sources */ = {isa = PBXBuildFile; fileRef = FA775F5B247D58BD00407E55 /* flamingoUITests.swift */; };
		FA775F64247D591000407E55 /* SnapshotHelper.swift in Sources */ = {isa = PBXBuildFile; fileRef = FA775F63247D591000407E55 /* SnapshotHelper.swift */; };
		FA8886D3247D40960060F4C7 /* demo.css in Resources */ = {isa = PBXBuildFile; fileRef = FA8886C9247D40960060F4C7 /* demo.css */; };
		FA8886D4247D40960060F4C7 /* demo.js in Resources */ = {isa = PBXBuildFile; fileRef = FA8886CA247D40960060F4C7 /* demo.js */; };
		FA8886D5247D40960060F4C7 /* style.css in Resources */ = {isa = PBXBuildFile; fileRef = FA8886CB247D40960060F4C7 /* style.css */; };
		FA8886D6247D40960060F4C7 /* selection.json in Resources */ = {isa = PBXBuildFile; fileRef = FA8886CC247D40960060F4C7 /* selection.json */; };
		FA8886D7247D40960060F4C7 /* Read Me.txt in Resources */ = {isa = PBXBuildFile; fileRef = FA8886CD247D40960060F4C7 /* Read Me.txt */; };
		FA8886D8247D40960060F4C7 /* demo.html in Resources */ = {isa = PBXBuildFile; fileRef = FA8886CE247D40960060F4C7 /* demo.html */; };
		FA8886D9247D40960060F4C7 /* material-icons.woff in Resources */ = {isa = PBXBuildFile; fileRef = FA8886D0247D40960060F4C7 /* material-icons.woff */; };
		FA8886DA247D40960060F4C7 /* material-icons.svg in Resources */ = {isa = PBXBuildFile; fileRef = FA8886D1247D40960060F4C7 /* material-icons.svg */; };
		FA8886DB247D40960060F4C7 /* material-icons.ttf in Resources */ = {isa = PBXBuildFile; fileRef = FA8886D2247D40960060F4C7 /* material-icons.ttf */; };
		FAB2599B20C728BB00B94ECA /* ArticleList.storyboard in Resources */ = {isa = PBXBuildFile; fileRef = FAB2599A20C728BB00B94ECA /* ArticleList.storyboard */; };
		FAB2599D20C728CC00B94ECA /* ArticleComments.storyboard in Resources */ = {isa = PBXBuildFile; fileRef = FAB2599C20C728CC00B94ECA /* ArticleComments.storyboard */; };
		FAC2E14320C9112000CFF541 /* flamingo.ttf in Resources */ = {isa = PBXBuildFile; fileRef = FAC2E14220C9112000CFF541 /* flamingo.ttf */; };
		FAD15549215D0DBD0045001A /* sources.json in Resources */ = {isa = PBXBuildFile; fileRef = FAD15548215D0DBD0045001A /* sources.json */; };
/* End PBXBuildFile section */

/* Begin PBXContainerItemProxy section */
		FA775F5E247D58BD00407E55 /* PBXContainerItemProxy */ = {
			isa = PBXContainerItemProxy;
			containerPortal = FA50E78B200670D2008C28C1 /* Project object */;
			proxyType = 1;
			remoteGlobalIDString = FA50E792200670D2008C28C1;
			remoteInfo = Flamingo;
		};
/* End PBXContainerItemProxy section */

/* Begin PBXFileReference section */
		6EC9E6D22F183BF6001B3CB2 /* CoreVC.swift */ = {isa = PBXFileReference; lastKnownFileType = sourcecode.swift; path = CoreVC.swift; sourceTree = "<group>"; };
		6EC9E6D32F183BF6001B3CB2 /* MainTabController.swift */ = {isa = PBXFileReference; lastKnownFileType = sourcecode.swift; path = MainTabController.swift; sourceTree = "<group>"; };
		6EC9E6D52F183BF6001B3CB2 /* ArticleCommentsVC.swift */ = {isa = PBXFileReference; lastKnownFileType = sourcecode.swift; path = ArticleCommentsVC.swift; sourceTree = "<group>"; };
		6EC9E6D62F183BF6001B3CB2 /* ArticlesListVC.swift */ = {isa = PBXFileReference; lastKnownFileType = sourcecode.swift; path = ArticlesListVC.swift; sourceTree = "<group>"; };
		6EC9E6D72F183BF6001B3CB2 /* SettingsVC.swift */ = {isa = PBXFileReference; lastKnownFileType = sourcecode.swift; path = SettingsVC.swift; sourceTree = "<group>"; };
		6EC9E6D92F183BF6001B3CB2 /* CustomPreferences.swift */ = {isa = PBXFileReference; lastKnownFileType = sourcecode.swift; path = CustomPreferences.swift; sourceTree = "<group>"; };
		6EC9E6DA2F183BF6001B3CB2 /* MaterialIcon.swift */ = {isa = PBXFileReference; lastKnownFileType = sourcecode.swift; path = MaterialIcon.swift; sourceTree = "<group>"; };
		6EC9E6DB2F183BF6001B3CB2 /* Resources.swift */ = {isa = PBXFileReference; lastKnownFileType = sourcecode.swift; path = Resources.swift; sourceTree = "<group>"; };
		6EC9E6DD2F183BF6001B3CB2 /* Error+Flamingo.swift */ = {isa = PBXFileReference; lastKnownFileType = sourcecode.swift; path = "Error+Flamingo.swift"; sourceTree = "<group>"; };
		6EC9E6DE2F183BF6001B3CB2 /* Foundation+Extensions.swift */ = {isa = PBXFileReference; lastKnownFileType = sourcecode.swift; path = "Foundation+Extensions.swift"; sourceTree = "<group>"; };
		6EC9E6DF2F183BF6001B3CB2 /* String+HTML.swift */ = {isa = PBXFileReference; lastKnownFileType = sourcecode.swift; path = "String+HTML.swift"; sourceTree = "<group>"; };
		6EC9E6E02F183BF6001B3CB2 /* UIKit+Extensions.swift */ = {isa = PBXFileReference; lastKnownFileType = sourcecode.swift; path = "UIKit+Extensions.swift"; sourceTree = "<group>"; };
		6EC9E6E12F183BF6001B3CB2 /* UIViewController+Safari.swift */ = {isa = PBXFileReference; lastKnownFileType = sourcecode.swift; path = "UIViewController+Safari.swift"; sourceTree = "<group>"; };
		6EC9E6E32F183BF6001B3CB2 /* AttributedMarkup.swift */ = {isa = PBXFileReference; lastKnownFileType = sourcecode.swift; path = AttributedMarkup.swift; sourceTree = "<group>"; };
		6EC9E6E42F183BF6001B3CB2 /* FontIcon.swift */ = {isa = PBXFileReference; lastKnownFileType = sourcecode.swift; path = FontIcon.swift; sourceTree = "<group>"; };
		6EC9E6E52F183BF6001B3CB2 /* PropertyWrappers.swift */ = {isa = PBXFileReference; lastKnownFileType = sourcecode.swift; path = PropertyWrappers.swift; sourceTree = "<group>"; };
		6EC9E6E72F183BF6001B3CB2 /* FlamingoPost.swift */ = {isa = PBXFileReference; lastKnownFileType = sourcecode.swift; path = FlamingoPost.swift; sourceTree = "<group>"; };
		6EC9E6E82F183BF6001B3CB2 /* Preview.swift */ = {isa = PBXFileReference; lastKnownFileType = sourcecode.swift; path = Preview.swift; sourceTree = "<group>"; };
		6EC9E6EA2F183BF6001B3CB2 /* HNClient.swift */ = {isa = PBXFileReference; lastKnownFileType = sourcecode.swift; path = HNClient.swift; sourceTree = "<group>"; };
		6EC9E6EB2F183BF6001B3CB2 /* ImageLoader.swift */ = {isa = PBXFileReference; lastKnownFileType = sourcecode.swift; path = ImageLoader.swift; sourceTree = "<group>"; };
		6EC9E6EC2F183BF6001B3CB2 /* ReadabilityParser.swift */ = {isa = PBXFileReference; lastKnownFileType = sourcecode.swift; path = ReadabilityParser.swift; sourceTree = "<group>"; };
		6EC9E6EE2F183BF6001B3CB2 /* SourceStore.swift */ = {isa = PBXFileReference; lastKnownFileType = sourcecode.swift; path = SourceStore.swift; sourceTree = "<group>"; };
		6EC9E6F02F183BF6001B3CB2 /* ThemeService.swift */ = {isa = PBXFileReference; lastKnownFileType = sourcecode.swift; path = ThemeService.swift; sourceTree = "<group>"; };
		6EC9E6F22F183BF6001B3CB2 /* PrototypeTableCell.swift */ = {isa = PBXFileReference; lastKnownFileType = sourcecode.swift; path = PrototypeTableCell.swift; sourceTree = "<group>"; };
		6EC9E6F32F183BF6001B3CB2 /* SimpleTableCell.swift */ = {isa = PBXFileReference; lastKnownFileType = sourcecode.swift; path = SimpleTableCell.swift; sourceTree = "<group>"; };
		6EC9E6F42F183BF6001B3CB2 /* SwitchTableCell.swift */ = {isa = PBXFileReference; lastKnownFileType = sourcecode.swift; path = SwitchTableCell.swift; sourceTree = "<group>"; };
		6EC9E6F52F183BF6001B3CB2 /* TitleSeparatorCell.swift */ = {isa = PBXFileReference; lastKnownFileType = sourcecode.swift; path = TitleSeparatorCell.swift; sourceTree = "<group>"; };
		6EC9E6F72F183BF6001B3CB2 /* ArticleDefaultCell.swift */ = {isa = PBXFileReference; lastKnownFileType = sourcecode.swift; path = ArticleDefaultCell.swift; sourceTree = "<group>"; };
		6EC9E6F82F183BF6001B3CB2 /* CommentCell.swift */ = {isa = PBXFileReference; lastKnownFileType = sourcecode.swift; path = CommentCell.swift; sourceTree = "<group>"; };
		6EC9E6F92F183BF6001B3CB2 /* LinkLabel.swift */ = {isa = PBXFileReference; lastKnownFileType = sourcecode.swift; path = LinkLabel.swift; sourceTree = "<group>"; };
		6EC9E6FB2F183BF6001B3CB2 /* AppDelegate.swift */ = {isa = PBXFileReference; lastKnownFileType = sourcecode.swift; path = AppDelegate.swift; sourceTree = "<group>"; };
		6EC9E71C2F183C50001B3CB2 /* SceneDelegate.swift */ = {isa = PBXFileReference; lastKnownFileType = sourcecode.swift; path = SceneDelegate.swift; sourceTree = "<group>"; };
		FA055AC520C97F85007FB8D3 /* SettingsVC.storyboard */ = {isa = PBXFileReference; lastKnownFileType = file.storyboard; path = SettingsVC.storyboard; sourceTree = "<group>"; };
		FA2F8850202B641A00603EAF /* en */ = {isa = PBXFileReference; lastKnownFileType = text.plist.strings; name = en; path = en.lproj/Localizable.strings; sourceTree = "<group>"; };
		FA50E793200670D2008C28C1 /* Flamingo.app */ = {isa = PBXFileReference; explicitFileType = wrapper.application; includeInIndex = 0; path = Flamingo.app; sourceTree = BUILT_PRODUCTS_DIR; };
		FA50E79B200670D2008C28C1 /* Base */ = {isa = PBXFileReference; lastKnownFileType = file.storyboard; name = Base; path = Base.lproj/Main.storyboard; sourceTree = "<group>"; };
		FA50E79D200670D2008C28C1 /* Assets.xcassets */ = {isa = PBXFileReference; lastKnownFileType = folder.assetcatalog; path = Assets.xcassets; sourceTree = "<group>"; };
		FA50E7A0200670D2008C28C1 /* Base */ = {isa = PBXFileReference; lastKnownFileType = file.storyboard; name = Base; path = Base.lproj/LaunchScreen.storyboard; sourceTree = "<group>"; };
		FA50E7A2200670D2008C28C1 /* Info.plist */ = {isa = PBXFileReference; lastKnownFileType = text.plist.xml; path = Info.plist; sourceTree = "<group>"; };
		FA775F59247D58BD00407E55 /* screenshots.xctest */ = {isa = PBXFileReference; explicitFileType = wrapper.cfbundle; includeInIndex = 0; path = screenshots.xctest; sourceTree = BUILT_PRODUCTS_DIR; };
		FA775F5B247D58BD00407E55 /* flamingoUITests.swift */ = {isa = PBXFileReference; lastKnownFileType = sourcecode.swift; path = flamingoUITests.swift; sourceTree = "<group>"; };
		FA775F5D247D58BD00407E55 /* Info.plist */ = {isa = PBXFileReference; lastKnownFileType = text.plist.xml; path = Info.plist; sourceTree = "<group>"; };
		FA775F63247D591000407E55 /* SnapshotHelper.swift */ = {isa = PBXFileReference; fileEncoding = 4; lastKnownFileType = sourcecode.swift; path = SnapshotHelper.swift; sourceTree = "<group>"; };
		FA8886C9247D40960060F4C7 /* demo.css */ = {isa = PBXFileReference; fileEncoding = 4; lastKnownFileType = text.css; path = demo.css; sourceTree = "<group>"; };
		FA8886CA247D40960060F4C7 /* demo.js */ = {isa = PBXFileReference; fileEncoding = 4; lastKnownFileType = sourcecode.javascript; path = demo.js; sourceTree = "<group>"; };
		FA8886CB247D40960060F4C7 /* style.css */ = {isa = PBXFileReference; fileEncoding = 4; lastKnownFileType = text.css; path = style.css; sourceTree = "<group>"; };
		FA8886CC247D40960060F4C7 /* selection.json */ = {isa = PBXFileReference; fileEncoding = 4; lastKnownFileType = text.json; path = selection.json; sourceTree = "<group>"; };
		FA8886CD247D40960060F4C7 /* Read Me.txt */ = {isa = PBXFileReference; fileEncoding = 4; lastKnownFileType = text; path = "Read Me.txt"; sourceTree = "<group>"; };
		FA8886CE247D40960060F4C7 /* demo.html */ = {isa = PBXFileReference; fileEncoding = 4; lastKnownFileType = text.html; path = demo.html; sourceTree = "<group>"; };
		FA8886D0247D40960060F4C7 /* material-icons.woff */ = {isa = PBXFileReference; lastKnownFileType = file; path = "material-icons.woff"; sourceTree = "<group>"; };
		FA8886D1247D40960060F4C7 /* material-icons.svg */ = {isa = PBXFileReference; fileEncoding = 4; lastKnownFileType = text.xml; path = "material-icons.svg"; sourceTree = "<group>"; };
		FA8886D2247D40960060F4C7 /* material-icons.ttf */ = {isa = PBXFileReference; lastKnownFileType = file; path = "material-icons.ttf"; sourceTree = "<group>"; };
		FAB2599A20C728BB00B94ECA /* ArticleList.storyboard */ = {isa = PBXFileReference; lastKnownFileType = file.storyboard; path = ArticleList.storyboard; sourceTree = "<group>"; };
		FAB2599C20C728CC00B94ECA /* ArticleComments.storyboard */ = {isa = PBXFileReference; lastKnownFileType = file.storyboard; path = ArticleComments.storyboard; sourceTree = "<group>"; };
		FAC2E14220C9112000CFF541 /* flamingo.ttf */ = {isa = PBXFileReference; lastKnownFileType = file; path = flamingo.ttf; sourceTree = "<group>"; };
		FAD15548215D0DBD0045001A /* sources.json */ = {isa = PBXFileReference; lastKnownFileType = text.json; path = sources.json; sourceTree = "<group>"; };
/* End PBXFileReference section */

/* Begin PBXFrameworksBuildPhase section */
		FA50E790200670D2008C28C1 /* Frameworks */ = {
			isa = PBXFrameworksBuildPhase;
			buildActionMask = 2147483647;
			files = (
			);
			runOnlyForDeploymentPostprocessing = 0;
		};
		FA775F56247D58BD00407E55 /* Frameworks */ = {
			isa = PBXFrameworksBuildPhase;
			buildActionMask = 2147483647;
			files = (
			);
			runOnlyForDeploymentPostprocessing = 0;
		};
/* End PBXFrameworksBuildPhase section */

/* Begin PBXGroup section */
		6EC9E6D42F183BF6001B3CB2 /* Core */ = {
			isa = PBXGroup;
			children = (
				6EC9E6D22F183BF6001B3CB2 /* CoreVC.swift */,
				6EC9E6D32F183BF6001B3CB2 /* MainTabController.swift */,
			);
			path = Core;
			sourceTree = "<group>";
		};
		6EC9E6D82F183BF6001B3CB2 /* Controllers */ = {
			isa = PBXGroup;
			children = (
				6EC9E6D42F183BF6001B3CB2 /* Core */,
				6EC9E6D52F183BF6001B3CB2 /* ArticleCommentsVC.swift */,
				6EC9E6D62F183BF6001B3CB2 /* ArticlesListVC.swift */,
				6EC9E6D72F183BF6001B3CB2 /* SettingsVC.swift */,
			);
			path = Controllers;
			sourceTree = "<group>";
		};
		6EC9E6DC2F183BF6001B3CB2 /* Core */ = {
			isa = PBXGroup;
			children = (
				6EC9E6D92F183BF6001B3CB2 /* CustomPreferences.swift */,
				6EC9E6DA2F183BF6001B3CB2 /* MaterialIcon.swift */,
				6EC9E6DB2F183BF6001B3CB2 /* Resources.swift */,
			);
			path = Core;
			sourceTree = "<group>";
		};
		6EC9E6E22F183BF6001B3CB2 /* Extensions */ = {
			isa = PBXGroup;
			children = (
				6EC9E6DD2F183BF6001B3CB2 /* Error+Flamingo.swift */,
				6EC9E6DE2F183BF6001B3CB2 /* Foundation+Extensions.swift */,
				6EC9E6DF2F183BF6001B3CB2 /* String+HTML.swift */,
				6EC9E6E02F183BF6001B3CB2 /* UIKit+Extensions.swift */,
				6EC9E6E12F183BF6001B3CB2 /* UIViewController+Safari.swift */,
			);
			path = Extensions;
			sourceTree = "<group>";
		};
		6EC9E6E62F183BF6001B3CB2 /* Helpers */ = {
			isa = PBXGroup;
			children = (
				6EC9E6E22F183BF6001B3CB2 /* Extensions */,
				6EC9E6E32F183BF6001B3CB2 /* AttributedMarkup.swift */,
				6EC9E6E42F183BF6001B3CB2 /* FontIcon.swift */,
				6EC9E6E52F183BF6001B3CB2 /* PropertyWrappers.swift */,
			);
			path = Helpers;
			sourceTree = "<group>";
		};
		6EC9E6E92F183BF6001B3CB2 /* Models */ = {
			isa = PBXGroup;
			children = (
				6EC9E6E72F183BF6001B3CB2 /* FlamingoPost.swift */,
				6EC9E6E82F183BF6001B3CB2 /* Preview.swift */,
			);
			path = Models;
			sourceTree = "<group>";
		};
		6EC9E6ED2F183BF6001B3CB2 /* Networking */ = {
			isa = PBXGroup;
			children = (
				6EC9E6EA2F183BF6001B3CB2 /* HNClient.swift */,
				6EC9E6EB2F183BF6001B3CB2 /* ImageLoader.swift */,
				6EC9E6EC2F183BF6001B3CB2 /* ReadabilityParser.swift */,
			);
			path = Networking;
			sourceTree = "<group>";
		};
		6EC9E6EF2F183BF6001B3CB2 /* Persistence */ = {
			isa = PBXGroup;
			children = (
				6EC9E6EE2F183BF6001B3CB2 /* SourceStore.swift */,
			);
			path = Persistence;
			sourceTree = "<group>";
		};
		6EC9E6F12F183BF6001B3CB2 /* Services */ = {
			isa = PBXGroup;
			children = (
				6EC9E6F02F183BF6001B3CB2 /* ThemeService.swift */,
			);
			path = Services;
			sourceTree = "<group>";
		};
		6EC9E6F62F183BF6001B3CB2 /* TableViewCells */ = {
			isa = PBXGroup;
			children = (
				6EC9E6F22F183BF6001B3CB2 /* PrototypeTableCell.swift */,
				6EC9E6F32F183BF6001B3CB2 /* SimpleTableCell.swift */,
				6EC9E6F42F183BF6001B3CB2 /* SwitchTableCell.swift */,
				6EC9E6F52F183BF6001B3CB2 /* TitleSeparatorCell.swift */,
			);
			path = TableViewCells;
			sourceTree = "<group>";
		};
		6EC9E6FA2F183BF6001B3CB2 /* Views */ = {
			isa = PBXGroup;
			children = (
				6EC9E6F62F183BF6001B3CB2 /* TableViewCells */,
				6EC9E6F72F183BF6001B3CB2 /* ArticleDefaultCell.swift */,
				6EC9E6F82F183BF6001B3CB2 /* CommentCell.swift */,
				6EC9E6F92F183BF6001B3CB2 /* LinkLabel.swift */,
			);
			path = Views;
			sourceTree = "<group>";
		};
		6EC9E6FC2F183BF6001B3CB2 /* Classes */ = {
			isa = PBXGroup;
			children = (
				6EC9E6FB2F183BF6001B3CB2 /* AppDelegate.swift */,
				6EC9E71C2F183C50001B3CB2 /* SceneDelegate.swift */,
				6EC9E6D82F183BF6001B3CB2 /* Controllers */,
				6EC9E6DC2F183BF6001B3CB2 /* Core */,
				6EC9E6E62F183BF6001B3CB2 /* Helpers */,
				6EC9E6E92F183BF6001B3CB2 /* Models */,
				6EC9E6ED2F183BF6001B3CB2 /* Networking */,
				6EC9E6EF2F183BF6001B3CB2 /* Persistence */,
				6EC9E6F12F183BF6001B3CB2 /* Services */,
				6EC9E6FA2F183BF6001B3CB2 /* Views */,
			);
			path = Classes;
			sourceTree = "<group>";
		};
		FA50E78A200670D2008C28C1 = {
			isa = PBXGroup;
			children = (
				FA50E795200670D2008C28C1 /* Flamingo */,
				FA775F5A247D58BD00407E55 /* screenshots */,
				FA50E794200670D2008C28C1 /* Products */,
			);
			indentWidth = 4;
			sourceTree = "<group>";
			tabWidth = 4;
		};
		FA50E794200670D2008C28C1 /* Products */ = {
			isa = PBXGroup;
			children = (
				FA50E793200670D2008C28C1 /* Flamingo.app */,
				FA775F59247D58BD00407E55 /* screenshots.xctest */,
			);
			name = Products;
			sourceTree = "<group>";
		};
		FA50E795200670D2008C28C1 /* Flamingo */ = {
			isa = PBXGroup;
			children = (
				6EC9E6FC2F183BF6001B3CB2 /* Classes */,
				FA50E7B620067A3E008C28C1 /* Storyboards */,
				FA50E7AC200677D2008C28C1 /* Resources */,
			);
			path = Flamingo;
			sourceTree = "<group>";
		};
		FA50E7AC200677D2008C28C1 /* Resources */ = {
			isa = PBXGroup;
			children = (
				FA8886C7247D40960060F4C7 /* material-icons */,
				FAC2E14220C9112000CFF541 /* flamingo.ttf */,
				FA2F8851202B641A00603EAF /* Localizable.strings */,
				FA50E79D200670D2008C28C1 /* Assets.xcassets */,
				FA50E7A2200670D2008C28C1 /* Info.plist */,
				FAD15548215D0DBD0045001A /* sources.json */,
			);
			path = Resources;
			sourceTree = "<group>";
		};
		FA50E7B620067A3E008C28C1 /* Storyboards */ = {
			isa = PBXGroup;
			children = (
				FA50E79F200670D2008C28C1 /* LaunchScreen.storyboard */,
				FA50E79A200670D2008C28C1 /* Main.storyboard */,
				FAB2599A20C728BB00B94ECA /* ArticleList.storyboard */,
				FAB2599C20C728CC00B94ECA /* ArticleComments.storyboard */,
				FA055AC520C97F85007FB8D3 /* SettingsVC.storyboard */,
			);
			path = Storyboards;
			sourceTree = "<group>";
		};
		FA775F5A247D58BD00407E55 /* screenshots */ = {
			isa = PBXGroup;
			children = (
				FA775F63247D591000407E55 /* SnapshotHelper.swift */,
				FA775F5B247D58BD00407E55 /* flamingoUITests.swift */,
				FA775F5D247D58BD00407E55 /* Info.plist */,
			);
			path = screenshots;
			sourceTree = "<group>";
		};
		FA8886C7247D40960060F4C7 /* material-icons */ = {
			isa = PBXGroup;
			children = (
				FA8886C8247D40960060F4C7 /* demo-files */,
				FA8886CB247D40960060F4C7 /* style.css */,
				FA8886CC247D40960060F4C7 /* selection.json */,
				FA8886CD247D40960060F4C7 /* Read Me.txt */,
				FA8886CE247D40960060F4C7 /* demo.html */,
				FA8886CF247D40960060F4C7 /* fonts */,
			);
			path = "material-icons";
			sourceTree = "<group>";
		};
		FA8886C8247D40960060F4C7 /* demo-files */ = {
			isa = PBXGroup;
			children = (
				FA8886C9247D40960060F4C7 /* demo.css */,
				FA8886CA247D40960060F4C7 /* demo.js */,
			);
			path = "demo-files";
			sourceTree = "<group>";
		};
		FA8886CF247D40960060F4C7 /* fonts */ = {
			isa = PBXGroup;
			children = (
				FA8886D0247D40960060F4C7 /* material-icons.woff */,
				FA8886D1247D40960060F4C7 /* material-icons.svg */,
				FA8886D2247D40960060F4C7 /* material-icons.ttf */,
			);
			path = fonts;
			sourceTree = "<group>";
		};
/* End PBXGroup section */

/* Begin PBXNativeTarget section */
		FA50E792200670D2008C28C1 /* Flamingo */ = {
			isa = PBXNativeTarget;
			buildConfigurationList = FA50E7A5200670D2008C28C1 /* Build configuration list for PBXNativeTarget "Flamingo" */;
			buildPhases = (
				FA50E78F200670D2008C28C1 /* Sources */,
				FA50E790200670D2008C28C1 /* Frameworks */,
				FA50E791200670D2008C28C1 /* Resources */,
			);
			buildRules = (
			);
			dependencies = (
			);
			name = Flamingo;
			productName = TheNews;
			productReference = FA50E793200670D2008C28C1 /* Flamingo.app */;
			productType = "com.apple.product-type.application";
		};
		FA775F58247D58BD00407E55 /* screenshots */ = {
			isa = PBXNativeTarget;
			buildConfigurationList = FA775F62247D58BD00407E55 /* Build configuration list for PBXNativeTarget "screenshots" */;
			buildPhases = (
				FA775F55247D58BD00407E55 /* Sources */,
				FA775F56247D58BD00407E55 /* Frameworks */,
				FA775F57247D58BD00407E55 /* Resources */,
			);
			buildRules = (
			);
			dependencies = (
				FA775F5F247D58BD00407E55 /* PBXTargetDependency */,
			);
			name = screenshots;
			productName = flamingoUITests;
			productReference = FA775F59247D58BD00407E55 /* screenshots.xctest */;
			productType = "com.apple.product-type.bundle.ui-testing";
		};
/* End PBXNativeTarget section */

/* Begin PBXProject section */
		FA50E78B200670D2008C28C1 /* Project object */ = {
			isa = PBXProject;
			attributes = {
				BuildIndependentTargetsInParallel = YES;
				LastSwiftUpdateCheck = 1150;
				LastUpgradeCheck = 2610;
				ORGANIZATIONNAME = alexiscreuzot;
				TargetAttributes = {
					FA50E792200670D2008C28C1 = {
						CreatedOnToolsVersion = 9.2;
						LastSwiftMigration = 1140;
						ProvisioningStyle = Automatic;
					};
					FA775F58247D58BD00407E55 = {
						CreatedOnToolsVersion = 11.5;
						ProvisioningStyle = Automatic;
						TestTargetID = FA50E792200670D2008C28C1;
					};
				};
			};
			buildConfigurationList = FA50E78E200670D2008C28C1 /* Build configuration list for PBXProject "Flamingo" */;
			compatibilityVersion = "Xcode 8.0";
			developmentRegion = en;
			hasScannedForEncodings = 0;
			knownRegions = (
				en,
				Base,
			);
			mainGroup = FA50E78A200670D2008C28C1;
			productRefGroup = FA50E794200670D2008C28C1 /* Products */;
			projectDirPath = "";
			projectRoot = "";
			targets = (
				FA50E792200670D2008C28C1 /* Flamingo */,
				FA775F58247D58BD00407E55 /* screenshots */,
			);
		};
/* End PBXProject section */

/* Begin PBXResourcesBuildPhase section */
		FA50E791200670D2008C28C1 /* Resources */ = {
			isa = PBXResourcesBuildPhase;
			buildActionMask = 2147483647;
			files = (
				FA2F884F202B641A00603EAF /* Localizable.strings in Resources */,
				FA8886D5247D40960060F4C7 /* style.css in Resources */,
				FAD15549215D0DBD0045001A /* sources.json in Resources */,
				FA8886D7247D40960060F4C7 /* Read Me.txt in Resources */,
				FA8886D8247D40960060F4C7 /* demo.html in Resources */,
				FA8886D4247D40960060F4C7 /* demo.js in Resources */,
				FA50E7A1200670D2008C28C1 /* LaunchScreen.storyboard in Resources */,
				FA50E79E200670D2008C28C1 /* Assets.xcassets in Resources */,
				FA8886DB247D40960060F4C7 /* material-icons.ttf in Resources */,
				FA8886D6247D40960060F4C7 /* selection.json in Resources */,
				FAB2599D20C728CC00B94ECA /* ArticleComments.storyboard in Resources */,
				FA50E79C200670D2008C28C1 /* Main.storyboard in Resources */,
				FA8886D9247D40960060F4C7 /* material-icons.woff in Resources */,
				FA8886D3247D40960060F4C7 /* demo.css in Resources */,
				FAB2599B20C728BB00B94ECA /* ArticleList.storyboard in Resources */,
				FA055AC620C97F85007FB8D3 /* SettingsVC.storyboard in Resources */,
				FAC2E14320C9112000CFF541 /* flamingo.ttf in Resources */,
				FA8886DA247D40960060F4C7 /* material-icons.svg in Resources */,
			);
			runOnlyForDeploymentPostprocessing = 0;
		};
		FA775F57247D58BD00407E55 /* Resources */ = {
			isa = PBXResourcesBuildPhase;
			buildActionMask = 2147483647;
			files = (
			);
			runOnlyForDeploymentPostprocessing = 0;
		};
/* End PBXResourcesBuildPhase section */

/* Begin PBXSourcesBuildPhase section */
		FA50E78F200670D2008C28C1 /* Sources */ = {
			isa = PBXSourcesBuildPhase;
			buildActionMask = 2147483647;
			files = (
				6EC9E6FD2F183BF6001B3CB2 /* ReadabilityParser.swift in Sources */,
				6EC9E6FE2F183BF6001B3CB2 /* HNClient.swift in Sources */,
				6EC9E6FF2F183BF6001B3CB2 /* AppDelegate.swift in Sources */,
				6EC9E7002F183BF6001B3CB2 /* CommentCell.swift in Sources */,
				6EC9E7012F183BF6001B3CB2 /* ArticleCommentsVC.swift in Sources */,
				6EC9E7022F183BF6001B3CB2 /* MaterialIcon.swift in Sources */,
				6EC9E7032F183BF6001B3CB2 /* FlamingoPost.swift in Sources */,
				6EC9E7042F183BF6001B3CB2 /* UIKit+Extensions.swift in Sources */,
				6EC9E7052F183BF6001B3CB2 /* SourceStore.swift in Sources */,
				6EC9E7062F183BF6001B3CB2 /* Resources.swift in Sources */,
				6EC9E7072F183BF6001B3CB2 /* ThemeService.swift in Sources */,
				6EC9E7082F183BF6001B3CB2 /* CoreVC.swift in Sources */,
				6EC9E7092F183BF6001B3CB2 /* TitleSeparatorCell.swift in Sources */,
				6EC9E70A2F183BF6001B3CB2 /* SwitchTableCell.swift in Sources */,
				6EC9E70B2F183BF6001B3CB2 /* ImageLoader.swift in Sources */,
				6EC9E70C2F183BF6001B3CB2 /* ArticleDefaultCell.swift in Sources */,
				6EC9E70D2F183BF6001B3CB2 /* LinkLabel.swift in Sources */,
				6EC9E70E2F183BF6001B3CB2 /* Error+Flamingo.swift in Sources */,
				6EC9E70F2F183BF6001B3CB2 /* SettingsVC.swift in Sources */,
				6EC9E7102F183BF6001B3CB2 /* AttributedMarkup.swift in Sources */,
				6EC9E7112F183BF6001B3CB2 /* FontIcon.swift in Sources */,
				6EC9E7122F183BF6001B3CB2 /* Foundation+Extensions.swift in Sources */,
				6EC9E7132F183BF6001B3CB2 /* MainTabController.swift in Sources */,
				6EC9E71D2F183C50001B3CB2 /* SceneDelegate.swift in Sources */,
				6EC9E7142F183BF6001B3CB2 /* PropertyWrappers.swift in Sources */,
				6EC9E7152F183BF6001B3CB2 /* CustomPreferences.swift in Sources */,
				6EC9E7162F183BF6001B3CB2 /* UIViewController+Safari.swift in Sources */,
				6EC9E7172F183BF6001B3CB2 /* SimpleTableCell.swift in Sources */,
				6EC9E7182F183BF6001B3CB2 /* PrototypeTableCell.swift in Sources */,
				6EC9E7192F183BF6001B3CB2 /* ArticlesListVC.swift in Sources */,
				6EC9E71A2F183BF6001B3CB2 /* String+HTML.swift in Sources */,
				6EC9E71B2F183BF6001B3CB2 /* Preview.swift in Sources */,
			);
			runOnlyForDeploymentPostprocessing = 0;
		};
		FA775F55247D58BD00407E55 /* Sources */ = {
			isa = PBXSourcesBuildPhase;
			buildActionMask = 2147483647;
			files = (
				FA775F5C247D58BD00407E55 /* flamingoUITests.swift in Sources */,
				FA775F64247D591000407E55 /* SnapshotHelper.swift in Sources */,
			);
			runOnlyForDeploymentPostprocessing = 0;
		};
/* End PBXSourcesBuildPhase section */

/* Begin PBXTargetDependency section */
		FA775F5F247D58BD00407E55 /* PBXTargetDependency */ = {
			isa = PBXTargetDependency;
			target = FA50E792200670D2008C28C1 /* Flamingo */;
			targetProxy = FA775F5E247D58BD00407E55 /* PBXContainerItemProxy */;
		};
/* End PBXTargetDependency section */

/* Begin PBXVariantGroup section */
		FA2F8851202B641A00603EAF /* Localizable.strings */ = {
			isa = PBXVariantGroup;
			children = (
				FA2F8850202B641A00603EAF /* en */,
			);
			name = Localizable.strings;
			sourceTree = "<group>";
		};
		FA50E79A200670D2008C28C1 /* Main.storyboard */ = {
			isa = PBXVariantGroup;
			children = (
				FA50E79B200670D2008C28C1 /* Base */,
			);
			name = Main.storyboard;
			sourceTree = "<group>";
		};
		FA50E79F200670D2008C28C1 /* LaunchScreen.storyboard */ = {
			isa = PBXVariantGroup;
			children = (
				FA50E7A0200670D2008C28C1 /* Base */,
			);
			name = LaunchScreen.storyboard;
			sourceTree = "<group>";
		};
/* End PBXVariantGroup section */

/* Begin XCBuildConfiguration section */
		FA50E7A3200670D2008C28C1 /* Debug */ = {
			isa = XCBuildConfiguration;
			buildSettings = {
				ALWAYS_SEARCH_USER_PATHS = NO;
				CLANG_ANALYZER_NONNULL = YES;
				CLANG_ANALYZER_NUMBER_OBJECT_CONVERSION = YES_AGGRESSIVE;
				CLANG_CXX_LANGUAGE_STANDARD = "gnu++14";
				CLANG_CXX_LIBRARY = "libc++";
				CLANG_ENABLE_MODULES = YES;
				CLANG_ENABLE_OBJC_ARC = YES;
				CLANG_WARN_BLOCK_CAPTURE_AUTORELEASING = YES;
				CLANG_WARN_BOOL_CONVERSION = YES;
				CLANG_WARN_COMMA = YES;
				CLANG_WARN_CONSTANT_CONVERSION = YES;
				CLANG_WARN_DEPRECATED_OBJC_IMPLEMENTATIONS = YES;
				CLANG_WARN_DIRECT_OBJC_ISA_USAGE = YES_ERROR;
				CLANG_WARN_DOCUMENTATION_COMMENTS = YES;
				CLANG_WARN_EMPTY_BODY = YES;
				CLANG_WARN_ENUM_CONVERSION = YES;
				CLANG_WARN_INFINITE_RECURSION = YES;
				CLANG_WARN_INT_CONVERSION = YES;
				CLANG_WARN_NON_LITERAL_NULL_CONVERSION = YES;
				CLANG_WARN_OBJC_IMPLICIT_RETAIN_SELF = YES;
				CLANG_WARN_OBJC_LITERAL_CONVERSION = YES;
				CLANG_WARN_OBJC_ROOT_CLASS = YES_ERROR;
				CLANG_WARN_QUOTED_INCLUDE_IN_FRAMEWORK_HEADER = YES;
				CLANG_WARN_RANGE_LOOP_ANALYSIS = YES;
				CLANG_WARN_STRICT_PROTOTYPES = YES;
				CLANG_WARN_SUSPICIOUS_MOVE = YES;
				CLANG_WARN_UNGUARDED_AVAILABILITY = YES_AGGRESSIVE;
				CLANG_WARN_UNREACHABLE_CODE = YES;
				CLANG_WARN__DUPLICATE_METHOD_MATCH = YES;
				CODE_SIGN_IDENTITY = "iPhone Developer";
				COPY_PHASE_STRIP = NO;
				DEBUG_INFORMATION_FORMAT = dwarf;
				DEVELOPMENT_TEAM = ZAMD7Q9KYY;
				ENABLE_STRICT_OBJC_MSGSEND = YES;
				ENABLE_TESTABILITY = YES;
				ENABLE_USER_SCRIPT_SANDBOXING = YES;
				GCC_C_LANGUAGE_STANDARD = gnu11;
				GCC_DYNAMIC_NO_PIC = NO;
				GCC_NO_COMMON_BLOCKS = YES;
				GCC_OPTIMIZATION_LEVEL = 0;
				GCC_PREPROCESSOR_DEFINITIONS = (
					"DEBUG=1",
					"$(inherited)",
				);
				GCC_WARN_64_TO_32_BIT_CONVERSION = YES;
				GCC_WARN_ABOUT_RETURN_TYPE = YES_ERROR;
				GCC_WARN_UNDECLARED_SELECTOR = YES;
				GCC_WARN_UNINITIALIZED_AUTOS = YES_AGGRESSIVE;
				GCC_WARN_UNUSED_FUNCTION = YES;
				GCC_WARN_UNUSED_VARIABLE = YES;
				IPHONEOS_DEPLOYMENT_TARGET = 13.0;
				MTL_ENABLE_DEBUG_INFO = YES;
				ONLY_ACTIVE_ARCH = YES;
				SDKROOT = iphoneos;
				STRING_CATALOG_GENERATE_SYMBOLS = YES;
				SWIFT_ACTIVE_COMPILATION_CONDITIONS = DEBUG;
				SWIFT_OPTIMIZATION_LEVEL = "-Onone";
				VERSIONING_SYSTEM = "apple-generic";
			};
			name = Debug;
		};
		FA50E7A4200670D2008C28C1 /* Release */ = {
			isa = XCBuildConfiguration;
			buildSettings = {
				ALWAYS_SEARCH_USER_PATHS = NO;
				CLANG_ANALYZER_NONNULL = YES;
				CLANG_ANALYZER_NUMBER_OBJECT_CONVERSION = YES_AGGRESSIVE;
				CLANG_CXX_LANGUAGE_STANDARD = "gnu++14";
				CLANG_CXX_LIBRARY = "libc++";
				CLANG_ENABLE_MODULES = YES;
				CLANG_ENABLE_OBJC_ARC = YES;
				CLANG_WARN_BLOCK_CAPTURE_AUTORELEASING = YES;
				CLANG_WARN_BOOL_CONVERSION = YES;
				CLANG_WARN_COMMA = YES;
				CLANG_WARN_CONSTANT_CONVERSION = YES;
				CLANG_WARN_DEPRECATED_OBJC_IMPLEMENTATIONS = YES;
				CLANG_WARN_DIRECT_OBJC_ISA_USAGE = YES_ERROR;
				CLANG_WARN_DOCUMENTATION_COMMENTS = YES;
				CLANG_WARN_EMPTY_BODY = YES;
				CLANG_WARN_ENUM_CONVERSION = YES;
				CLANG_WARN_INFINITE_RECURSION = YES;
				CLANG_WARN_INT_CONVERSION = YES;
				CLANG_WARN_NON_LITERAL_NULL_CONVERSION = YES;
				CLANG_WARN_OBJC_IMPLICIT_RETAIN_SELF = YES;
				CLANG_WARN_OBJC_LITERAL_CONVERSION = YES;
				CLANG_WARN_OBJC_ROOT_CLASS = YES_ERROR;
				CLANG_WARN_QUOTED_INCLUDE_IN_FRAMEWORK_HEADER = YES;
				CLANG_WARN_RANGE_LOOP_ANALYSIS = YES;
				CLANG_WARN_STRICT_PROTOTYPES = YES;
				CLANG_WARN_SUSPICIOUS_MOVE = YES;
				CLANG_WARN_UNGUARDED_AVAILABILITY = YES_AGGRESSIVE;
				CLANG_WARN_UNREACHABLE_CODE = YES;
				CLANG_WARN__DUPLICATE_METHOD_MATCH = YES;
				CODE_SIGN_IDENTITY = "iPhone Developer";
				COPY_PHASE_STRIP = NO;
				DEBUG_INFORMATION_FORMAT = "dwarf-with-dsym";
				DEVELOPMENT_TEAM = ZAMD7Q9KYY;
				ENABLE_NS_ASSERTIONS = NO;
				ENABLE_STRICT_OBJC_MSGSEND = YES;
				ENABLE_USER_SCRIPT_SANDBOXING = YES;
				GCC_C_LANGUAGE_STANDARD = gnu11;
				GCC_NO_COMMON_BLOCKS = YES;
				GCC_WARN_64_TO_32_BIT_CONVERSION = YES;
				GCC_WARN_ABOUT_RETURN_TYPE = YES_ERROR;
				GCC_WARN_UNDECLARED_SELECTOR = YES;
				GCC_WARN_UNINITIALIZED_AUTOS = YES_AGGRESSIVE;
				GCC_WARN_UNUSED_FUNCTION = YES;
				GCC_WARN_UNUSED_VARIABLE = YES;
				IPHONEOS_DEPLOYMENT_TARGET = 13.0;
				MTL_ENABLE_DEBUG_INFO = NO;
				SDKROOT = iphoneos;
				STRING_CATALOG_GENERATE_SYMBOLS = YES;
				SWIFT_COMPILATION_MODE = wholemodule;
				SWIFT_OPTIMIZATION_LEVEL = "-O";
				VALIDATE_PRODUCT = YES;
				VERSIONING_SYSTEM = "apple-generic";
			};
			name = Release;
		};
		FA50E7A6200670D2008C28C1 /* Debug */ = {
			isa = XCBuildConfiguration;
			buildSettings = {
				ASSETCATALOG_COMPILER_APPICON_NAME = AppIcon;
				CODE_SIGN_IDENTITY = "iPhone Developer";
				"CODE_SIGN_IDENTITY[sdk=iphoneos*]" = "iPhone Developer";
				CODE_SIGN_STYLE = Automatic;
				CURRENT_PROJECT_VERSION = 5;
				INFOPLIST_FILE = Flamingo/Resources/Info.plist;
				IPHONEOS_DEPLOYMENT_TARGET = 13.0;
				LD_RUNPATH_SEARCH_PATHS = (
					"$(inherited)",
					"@executable_path/Frameworks",
				);
				MARKETING_VERSION = 1.3;
				PRODUCT_BUNDLE_IDENTIFIER = com.alexiscreuzot.flamingo;
				PRODUCT_NAME = "$(TARGET_NAME)";
				PROVISIONING_PROFILE = "";
				PROVISIONING_PROFILE_SPECIFIER = "";
				SWIFT_VERSION = 5.0;
				TARGETED_DEVICE_FAMILY = 1;
				VERSIONING_SYSTEM = "apple-generic";
			};
			name = Debug;
		};
		FA50E7A7200670D2008C28C1 /* Release */ = {
			isa = XCBuildConfiguration;
			buildSettings = {
				ASSETCATALOG_COMPILER_APPICON_NAME = AppIcon;
				CODE_SIGN_IDENTITY = "iPhone Developer";
				"CODE_SIGN_IDENTITY[sdk=iphoneos*]" = "iPhone Developer";
				CODE_SIGN_STYLE = Automatic;
				CURRENT_PROJECT_VERSION = 5;
				INFOPLIST_FILE = Flamingo/Resources/Info.plist;
				IPHONEOS_DEPLOYMENT_TARGET = 13.0;
				LD_RUNPATH_SEARCH_PATHS = (
					"$(inherited)",
					"@executable_path/Frameworks",
				);
				MARKETING_VERSION = 1.3;
				PRODUCT_BUNDLE_IDENTIFIER = com.alexiscreuzot.flamingo;
				PRODUCT_NAME = "$(TARGET_NAME)";
				PROVISIONING_PROFILE = "";
				PROVISIONING_PROFILE_SPECIFIER = "";
				SWIFT_VERSION = 5.0;
				TARGETED_DEVICE_FAMILY = 1;
				VERSIONING_SYSTEM = "apple-generic";
			};
			name = Release;
		};
		FA775F60247D58BD00407E55 /* Debug */ = {
			isa = XCBuildConfiguration;
			buildSettings = {
				CLANG_ENABLE_OBJC_WEAK = YES;
				CODE_SIGN_STYLE = Automatic;
				INFOPLIST_FILE = screenshots/Info.plist;
				IPHONEOS_DEPLOYMENT_TARGET = 13.5;
				LD_RUNPATH_SEARCH_PATHS = (
					"$(inherited)",
					"@executable_path/Frameworks",
					"@loader_path/Frameworks",
				);
				MTL_ENABLE_DEBUG_INFO = INCLUDE_SOURCE;
				MTL_FAST_MATH = YES;
				PRODUCT_BUNDLE_IDENTIFIER = com.alexiscreuzot.flamingoUITests;
				PRODUCT_NAME = "$(TARGET_NAME)";
				SWIFT_VERSION = 5.0;
				TARGETED_DEVICE_FAMILY = "1,2";
				TEST_TARGET_NAME = Flamingo;
			};
			name = Debug;
		};
		FA775F61247D58BD00407E55 /* Release */ = {
			isa = XCBuildConfiguration;
			buildSettings = {
				CLANG_ENABLE_OBJC_WEAK = YES;
				CODE_SIGN_STYLE = Automatic;
				INFOPLIST_FILE = screenshots/Info.plist;
				IPHONEOS_DEPLOYMENT_TARGET = 13.5;
				LD_RUNPATH_SEARCH_PATHS = (
					"$(inherited)",
					"@executable_path/Frameworks",
					"@loader_path/Frameworks",
				);
				MTL_FAST_MATH = YES;
				PRODUCT_BUNDLE_IDENTIFIER = com.alexiscreuzot.flamingoUITests;
				PRODUCT_NAME = "$(TARGET_NAME)";
				SWIFT_VERSION = 5.0;
				TARGETED_DEVICE_FAMILY = "1,2";
				TEST_TARGET_NAME = Flamingo;
			};
			name = Release;
		};
/* End XCBuildConfiguration section */

/* Begin XCConfigurationList section */
		FA50E78E200670D2008C28C1 /* Build configuration list for PBXProject "Flamingo" */ = {
			isa = XCConfigurationList;
			buildConfigurations = (
				FA50E7A3200670D2008C28C1 /* Debug */,
				FA50E7A4200670D2008C28C1 /* Release */,
			);
			defaultConfigurationIsVisible = 0;
			defaultConfigurationName = Release;
		};
		FA50E7A5200670D2008C28C1 /* Build configuration list for PBXNativeTarget "Flamingo" */ = {
			isa = XCConfigurationList;
			buildConfigurations = (
				FA50E7A6200670D2008C28C1 /* Debug */,
				FA50E7A7200670D2008C28C1 /* Release */,
			);
			defaultConfigurationIsVisible = 0;
			defaultConfigurationName = Release;
		};
		FA775F62247D58BD00407E55 /* Build configuration list for PBXNativeTarget "screenshots" */ = {
			isa = XCConfigurationList;
			buildConfigurations = (
				FA775F60247D58BD00407E55 /* Debug */,
				FA775F61247D58BD00407E55 /* Release */,
			);
			defaultConfigurationIsVisible = 0;
			defaultConfigurationName = Release;
		};
/* End XCConfigurationList section */
	};
	rootObject = FA50E78B200670D2008C28C1 /* Project object */;
}
